
Microsoft Visual Studio Solution File, Format Version 12.00
# Visual Studio Version 16
VisualStudioVersion = 16.0.808.3
MinimumVisualStudioVersion = 10.0.40219.1
Project("{FAE04EC0-301F-11D3-BF4B-00C04F79EFBC}") = "engineer_3_labs", "engineer_3_labs\engineer_3_labs.csproj", "{86E36C57-4173-4297-A255-96B13CD61740}"
EndProject
Project("{2150E333-8FDC-42A3-9474-1A3956D46DE8}") = "Solution Items", "Solution Items", "{CE64E5C4-1017-4803-AF99-A9CFD076A1B7}"
	ProjectSection(SolutionItems) = preProject
		engineer_3_labs\AuthDatabaseUtils.cs = engineer_3_labs\AuthDatabaseUtils.cs
	EndProjectSection
EndProject
Global
	GlobalSection(SolutionConfigurationPlatforms) = preSolution
		Debug|Any CPU = Debug|Any CPU
		Release|Any CPU = Release|Any CPU
	EndGlobalSection
	GlobalSection(ProjectConfigurationPlatforms) = postSolution
		{86E36C57-4173-4297-A255-96B13CD61740}.Debug|Any CPU.ActiveCfg = Debug|Any CPU
		{86E36C57-4173-4297-A255-96B13CD61740}.Debug|Any CPU.Build.0 = Debug|Any CPU
		{86E36C57-4173-4297-A255-96B13CD61740}.Release|Any CPU.ActiveCfg = Release|Any CPU
		{86E36C57-4173-4297-A255-96B13CD61740}.Release|Any CPU.Build.0 = Release|Any CPU
	EndGlobalSection
	GlobalSection(SolutionProperties) = preSolution
		HideSolutionNode = FALSE
	EndGlobalSection
	GlobalSection(ExtensibilityGlobals) = postSolution
		SolutionGuid = {F84BB974-BFE6-489B-A0F8-92A955BB80FC}
	EndGlobalSection
EndGlobal
